
Microsoft Visual Studio Solution File, Format Version 12.00
Project("{FAE04EC0-301F-11D3-BF4B-00C04F79EFBC}") = "Weltmeyer.EasyPasswordGenerator", "Weltmeyer.EasyPasswordGenerator\Weltmeyer.EasyPasswordGenerator.csproj", "{9BE0CACC-F271-4187-ACE7-B60345493EBC}"
EndProject
Project("{FAE04EC0-301F-11D3-BF4B-00C04F79EFBC}") = "Weltmeyer.EasyPasswordGenerator.Tests", "Weltmeyer.EasyPasswordGenerator.Tests\Weltmeyer.EasyPasswordGenerator.Tests.csproj", "{157E3D1D-FC50-488C-A23A-99AECBC9437F}"
EndProject
Project("{FAE04EC0-301F-11D3-BF4B-00C04F79EFBC}") = "Weltmeyer.EasyPasswordGenerator.Bench", "Weltmeyer.EasyPasswordGenerator.Bench\Weltmeyer.EasyPasswordGenerator.Bench.csproj", "{8061FB1F-0620-486D-A21E-644771862600}"
EndProject
Global
	GlobalSection(SolutionConfigurationPlatforms) = preSolution
		Debug|Any CPU = Debug|Any CPU
		Release|Any CPU = Release|Any CPU
	EndGlobalSection
	GlobalSection(ProjectConfigurationPlatforms) = postSolution
		{9BE0CACC-F271-4187-ACE7-B60345493EBC}.Debug|Any CPU.ActiveCfg = Debug|Any CPU
		{9BE0CACC-F271-4187-ACE7-B60345493EBC}.Debug|Any CPU.Build.0 = Debug|Any CPU
		{9BE0CACC-F271-4187-ACE7-B60345493EBC}.Release|Any CPU.ActiveCfg = Release|Any CPU
		{9BE0CACC-F271-4187-ACE7-B60345493EBC}.Release|Any CPU.Build.0 = Release|Any CPU
		{157E3D1D-FC50-488C-A23A-99AECBC9437F}.Debug|Any CPU.ActiveCfg = Debug|Any CPU
		{157E3D1D-FC50-488C-A23A-99AECBC9437F}.Debug|Any CPU.Build.0 = Debug|Any CPU
		{157E3D1D-FC50-488C-A23A-99AECBC9437F}.Release|Any CPU.ActiveCfg = Release|Any CPU
		{157E3D1D-FC50-488C-A23A-99AECBC9437F}.Release|Any CPU.Build.0 = Release|Any CPU
		{8061FB1F-0620-486D-A21E-644771862600}.Debug|Any CPU.ActiveCfg = Debug|Any CPU
		{8061FB1F-0620-486D-A21E-644771862600}.Debug|Any CPU.Build.0 = Debug|Any CPU
		{8061FB1F-0620-486D-A21E-644771862600}.Release|Any CPU.ActiveCfg = Release|Any CPU
		{8061FB1F-0620-486D-A21E-644771862600}.Release|Any CPU.Build.0 = Release|Any CPU
	EndGlobalSection
EndGlobal
